
Microsoft Visual Studio Solution File, Format Version 12.00
# Visual Studio Version 16
VisualStudioVersion = 16.0.29509.3
MinimumVisualStudioVersion = 10.0.40219.1
Project("{FAE04EC0-301F-11D3-BF4B-00C04F79EFBC}") = "LoyalHealthEval.Api", "LoyalHealthEval.Api\LoyalHealthEval.Api.csproj", "{ED6ED713-4C31-48E4-83E2-90E250E015C1}"
EndProject
Project("{FAE04EC0-301F-11D3-BF4B-00C04F79EFBC}") = "ReviewGenerator.Lib", "ReviewGenerator.Lib\ReviewGenerator.Lib.csproj", "{9F310A39-ECF3-4AFF-B5DE-2A23B186D3C4}"
EndProject
Global
	GlobalSection(SolutionConfigurationPlatforms) = preSolution
		Debug|Any CPU = Debug|Any CPU
		Release|Any CPU = Release|Any CPU
	EndGlobalSection
	GlobalSection(ProjectConfigurationPlatforms) = postSolution
		{ED6ED713-4C31-48E4-83E2-90E250E015C1}.Debug|Any CPU.ActiveCfg = Debug|Any CPU
		{ED6ED713-4C31-48E4-83E2-90E250E015C1}.Debug|Any CPU.Build.0 = Debug|Any CPU
		{ED6ED713-4C31-48E4-83E2-90E250E015C1}.Release|Any CPU.ActiveCfg = Release|Any CPU
		{ED6ED713-4C31-48E4-83E2-90E250E015C1}.Release|Any CPU.Build.0 = Release|Any CPU
		{9F310A39-ECF3-4AFF-B5DE-2A23B186D3C4}.Debug|Any CPU.ActiveCfg = Debug|Any CPU
		{9F310A39-ECF3-4AFF-B5DE-2A23B186D3C4}.Debug|Any CPU.Build.0 = Debug|Any CPU
		{9F310A39-ECF3-4AFF-B5DE-2A23B186D3C4}.Release|Any CPU.ActiveCfg = Release|Any CPU
		{9F310A39-ECF3-4AFF-B5DE-2A23B186D3C4}.Release|Any CPU.Build.0 = Release|Any CPU
	EndGlobalSection
	GlobalSection(SolutionProperties) = preSolution
		HideSolutionNode = FALSE
	EndGlobalSection
	GlobalSection(ExtensibilityGlobals) = postSolution
		SolutionGuid = {DF0EF8DC-D906-4C77-9CCC-B9ED76AD7B0E}
	EndGlobalSection
EndGlobal
